// !$*UTF8*$!
{
	archiveVersion = 1;
	classes = {
	};
	objectVersion = 46;
	objects = {

/* Begin PBXBuildFile section */
		4DF88CD14BF4C1B5C270030E /* Pods_AudioTest4Tests.framework in Frameworks */ = {isa = PBXBuildFile; fileRef = 41E8A66DA69C53987D054E16 /* Pods_AudioTest4Tests.framework */; };
		5E119BE28EA55139CAB156E7 /* Pods_AudioTest4.framework in Frameworks */ = {isa = PBXBuildFile; fileRef = 547D2B9D67D62C4B8CD3B8EF /* Pods_AudioTest4.framework */; };
		9B4EBDA11DB81A90006D4089 /* AppDelegate.swift in Sources */ = {isa = PBXBuildFile; fileRef = 9B4EBDA01DB81A90006D4089 /* AppDelegate.swift */; };
		9B4EBDA61DB81A90006D4089 /* Main.storyboard in Resources */ = {isa = PBXBuildFile; fileRef = 9B4EBDA41DB81A90006D4089 /* Main.storyboard */; };
		9B4EBDA81DB81A90006D4089 /* Assets.xcassets in Resources */ = {isa = PBXBuildFile; fileRef = 9B4EBDA71DB81A90006D4089 /* Assets.xcassets */; };
		9B4EBDAB1DB81A90006D4089 /* LaunchScreen.storyboard in Resources */ = {isa = PBXBuildFile; fileRef = 9B4EBDA91DB81A90006D4089 /* LaunchScreen.storyboard */; };
		9B4EBDB61DB81A90006D4089 /* AudioTest4Tests.swift in Sources */ = {isa = PBXBuildFile; fileRef = 9B4EBDB51DB81A90006D4089 /* AudioTest4Tests.swift */; };
		9B4EBDC11DB845CA006D4089 /* StreamPlayer.swift in Sources */ = {isa = PBXBuildFile; fileRef = 9B4EBDC01DB845CA006D4089 /* StreamPlayer.swift */; };
		C219AC5D1E242EB100A24E42 /* AlamofireViewController.swift in Sources */ = {isa = PBXBuildFile; fileRef = C219AC5C1E242EB100A24E42 /* AlamofireViewController.swift */; };
		C2EE8EA21E24538500D86D0D /* SimpleBLEController.swift in Sources */ = {isa = PBXBuildFile; fileRef = C2EE8EA11E24538500D86D0D /* SimpleBLEController.swift */; };
		D229B4711E08CDF0000CBA99 /* BeaconInfo.swift in Sources */ = {isa = PBXBuildFile; fileRef = D229B4701E08CDF0000CBA99 /* BeaconInfo.swift */; };
		D2E6484C1E2478F20004E17B /* ViewController.swift in Sources */ = {isa = PBXBuildFile; fileRef = D2E6484B1E2478F20004E17B /* ViewController.swift */; };
/* End PBXBuildFile section */

/* Begin PBXContainerItemProxy section */
		9B4EBDB21DB81A90006D4089 /* PBXContainerItemProxy */ = {
			isa = PBXContainerItemProxy;
			containerPortal = 9B4EBD951DB81A90006D4089 /* Project object */;
			proxyType = 1;
			remoteGlobalIDString = 9B4EBD9C1DB81A90006D4089;
			remoteInfo = AudioTest4;
		};
/* End PBXContainerItemProxy section */

/* Begin PBXFileReference section */
		14E4AD6CE966C848D07427F8 /* Pods-AudioTest4.debug.xcconfig */ = {isa = PBXFileReference; includeInIndex = 1; lastKnownFileType = text.xcconfig; name = "Pods-AudioTest4.debug.xcconfig"; path = "Pods/Target Support Files/Pods-AudioTest4/Pods-AudioTest4.debug.xcconfig"; sourceTree = "<group>"; };
		234F945557E957B0555C8178 /* Pods-AudioTest4Tests.release.xcconfig */ = {isa = PBXFileReference; includeInIndex = 1; lastKnownFileType = text.xcconfig; name = "Pods-AudioTest4Tests.release.xcconfig"; path = "Pods/Target Support Files/Pods-AudioTest4Tests/Pods-AudioTest4Tests.release.xcconfig"; sourceTree = "<group>"; };
		41E8A66DA69C53987D054E16 /* Pods_AudioTest4Tests.framework */ = {isa = PBXFileReference; explicitFileType = wrapper.framework; includeInIndex = 0; path = Pods_AudioTest4Tests.framework; sourceTree = BUILT_PRODUCTS_DIR; };
		547D2B9D67D62C4B8CD3B8EF /* Pods_AudioTest4.framework */ = {isa = PBXFileReference; explicitFileType = wrapper.framework; includeInIndex = 0; path = Pods_AudioTest4.framework; sourceTree = BUILT_PRODUCTS_DIR; };
		5EDB40CF5A0DBC760ADEA4FF /* Pods-AudioTest4.release.xcconfig */ = {isa = PBXFileReference; includeInIndex = 1; lastKnownFileType = text.xcconfig; name = "Pods-AudioTest4.release.xcconfig"; path = "Pods/Target Support Files/Pods-AudioTest4/Pods-AudioTest4.release.xcconfig"; sourceTree = "<group>"; };
		9B4EBD9D1DB81A90006D4089 /* AudioTest4.app */ = {isa = PBXFileReference; explicitFileType = wrapper.application; includeInIndex = 0; path = AudioTest4.app; sourceTree = BUILT_PRODUCTS_DIR; };
		9B4EBDA01DB81A90006D4089 /* AppDelegate.swift */ = {isa = PBXFileReference; lastKnownFileType = sourcecode.swift; path = AppDelegate.swift; sourceTree = "<group>"; };
		9B4EBDA51DB81A90006D4089 /* Base */ = {isa = PBXFileReference; lastKnownFileType = file.storyboard; name = Base; path = Base.lproj/Main.storyboard; sourceTree = "<group>"; };
		9B4EBDA71DB81A90006D4089 /* Assets.xcassets */ = {isa = PBXFileReference; lastKnownFileType = folder.assetcatalog; path = Assets.xcassets; sourceTree = "<group>"; };
		9B4EBDAA1DB81A90006D4089 /* Base */ = {isa = PBXFileReference; lastKnownFileType = file.storyboard; name = Base; path = Base.lproj/LaunchScreen.storyboard; sourceTree = "<group>"; };
		9B4EBDAC1DB81A90006D4089 /* Info.plist */ = {isa = PBXFileReference; lastKnownFileType = text.plist.xml; path = Info.plist; sourceTree = "<group>"; };
		9B4EBDB11DB81A90006D4089 /* AudioTest4Tests.xctest */ = {isa = PBXFileReference; explicitFileType = wrapper.cfbundle; includeInIndex = 0; path = AudioTest4Tests.xctest; sourceTree = BUILT_PRODUCTS_DIR; };
		9B4EBDB51DB81A90006D4089 /* AudioTest4Tests.swift */ = {isa = PBXFileReference; lastKnownFileType = sourcecode.swift; path = AudioTest4Tests.swift; sourceTree = "<group>"; };
		9B4EBDB71DB81A90006D4089 /* Info.plist */ = {isa = PBXFileReference; lastKnownFileType = text.plist.xml; path = Info.plist; sourceTree = "<group>"; };
		9B4EBDC01DB845CA006D4089 /* StreamPlayer.swift */ = {isa = PBXFileReference; fileEncoding = 4; lastKnownFileType = sourcecode.swift; path = StreamPlayer.swift; sourceTree = "<group>"; };
		C219AC5C1E242EB100A24E42 /* AlamofireViewController.swift */ = {isa = PBXFileReference; fileEncoding = 4; lastKnownFileType = sourcecode.swift; name = AlamofireViewController.swift; path = Views/AlamofireViewController.swift; sourceTree = "<group>"; };
		C2EE8EA11E24538500D86D0D /* SimpleBLEController.swift */ = {isa = PBXFileReference; fileEncoding = 4; lastKnownFileType = sourcecode.swift; name = SimpleBLEController.swift; path = Views/SimpleBLEController.swift; sourceTree = "<group>"; };
		D229B4701E08CDF0000CBA99 /* BeaconInfo.swift */ = {isa = PBXFileReference; fileEncoding = 4; lastKnownFileType = sourcecode.swift; path = BeaconInfo.swift; sourceTree = "<group>"; };
		D2E6484B1E2478F20004E17B /* ViewController.swift */ = {isa = PBXFileReference; fileEncoding = 4; lastKnownFileType = sourcecode.swift; path = ViewController.swift; sourceTree = "<group>"; };
		E4EE2AA42EDBF56E0CFFE422 /* Pods-AudioTest4Tests.debug.xcconfig */ = {isa = PBXFileReference; includeInIndex = 1; lastKnownFileType = text.xcconfig; name = "Pods-AudioTest4Tests.debug.xcconfig"; path = "Pods/Target Support Files/Pods-AudioTest4Tests/Pods-AudioTest4Tests.debug.xcconfig"; sourceTree = "<group>"; };
/* End PBXFileReference section */

/* Begin PBXFrameworksBuildPhase section */
		9B4EBD9A1DB81A90006D4089 /* Frameworks */ = {
			isa = PBXFrameworksBuildPhase;
			buildActionMask = 2147483647;
			files = (
				5E119BE28EA55139CAB156E7 /* Pods_AudioTest4.framework in Frameworks */,
			);
			runOnlyForDeploymentPostprocessing = 0;
		};
		9B4EBDAE1DB81A90006D4089 /* Frameworks */ = {
			isa = PBXFrameworksBuildPhase;
			buildActionMask = 2147483647;
			files = (
				4DF88CD14BF4C1B5C270030E /* Pods_AudioTest4Tests.framework in Frameworks */,
			);
			runOnlyForDeploymentPostprocessing = 0;
		};
/* End PBXFrameworksBuildPhase section */

/* Begin PBXGroup section */
		21CE10455288672D8E7A766C /* Pods */ = {
			isa = PBXGroup;
			children = (
				14E4AD6CE966C848D07427F8 /* Pods-AudioTest4.debug.xcconfig */,
				5EDB40CF5A0DBC760ADEA4FF /* Pods-AudioTest4.release.xcconfig */,
				E4EE2AA42EDBF56E0CFFE422 /* Pods-AudioTest4Tests.debug.xcconfig */,
				234F945557E957B0555C8178 /* Pods-AudioTest4Tests.release.xcconfig */,
			);
			name = Pods;
			sourceTree = "<group>";
		};
		3E3ED9BF51F1546B21212D03 /* Frameworks */ = {
			isa = PBXGroup;
			children = (
				547D2B9D67D62C4B8CD3B8EF /* Pods_AudioTest4.framework */,
				41E8A66DA69C53987D054E16 /* Pods_AudioTest4Tests.framework */,
			);
			name = Frameworks;
			sourceTree = "<group>";
		};
		9B4EBD941DB81A90006D4089 = {
			isa = PBXGroup;
			children = (
				9B4EBD9F1DB81A90006D4089 /* AudioTest4 */,
				9B4EBDB41DB81A90006D4089 /* AudioTest4Tests */,
				9B4EBD9E1DB81A90006D4089 /* Products */,
				21CE10455288672D8E7A766C /* Pods */,
				3E3ED9BF51F1546B21212D03 /* Frameworks */,
			);
			sourceTree = "<group>";
		};
		9B4EBD9E1DB81A90006D4089 /* Products */ = {
			isa = PBXGroup;
			children = (
				9B4EBD9D1DB81A90006D4089 /* AudioTest4.app */,
				9B4EBDB11DB81A90006D4089 /* AudioTest4Tests.xctest */,
			);
			name = Products;
			sourceTree = "<group>";
		};
		9B4EBD9F1DB81A90006D4089 /* AudioTest4 */ = {
			isa = PBXGroup;
			children = (
				9B4EBDA01DB81A90006D4089 /* AppDelegate.swift */,
				C248B0EC1E24521400A7515A /* Views */,
				9B4EBDA41DB81A90006D4089 /* Main.storyboard */,
				9B4EBDA71DB81A90006D4089 /* Assets.xcassets */,
				9B4EBDA91DB81A90006D4089 /* LaunchScreen.storyboard */,
				9B4EBDAC1DB81A90006D4089 /* Info.plist */,
				9B4EBDC01DB845CA006D4089 /* StreamPlayer.swift */,
				D229B4701E08CDF0000CBA99 /* BeaconInfo.swift */,
			);
			path = AudioTest4;
			sourceTree = "<group>";
		};
		9B4EBDB41DB81A90006D4089 /* AudioTest4Tests */ = {
			isa = PBXGroup;
			children = (
				9B4EBDB51DB81A90006D4089 /* AudioTest4Tests.swift */,
				9B4EBDB71DB81A90006D4089 /* Info.plist */,
			);
			path = AudioTest4Tests;
			sourceTree = "<group>";
		};
		C248B0EC1E24521400A7515A /* Views */ = {
			isa = PBXGroup;
			children = (
				D2E6484B1E2478F20004E17B /* ViewController.swift */,
				C2EE8EA11E24538500D86D0D /* SimpleBLEController.swift */,
				C219AC5C1E242EB100A24E42 /* AlamofireViewController.swift */,
			);
			name = Views;
			sourceTree = "<group>";
		};
/* End PBXGroup section */

/* Begin PBXNativeTarget section */
		9B4EBD9C1DB81A90006D4089 /* AudioTest4 */ = {
			isa = PBXNativeTarget;
			buildConfigurationList = 9B4EBDBA1DB81A90006D4089 /* Build configuration list for PBXNativeTarget "AudioTest4" */;
			buildPhases = (
				3C63E1CF2F7A91F797701DC8 /* [CP] Check Pods Manifest.lock */,
				9B4EBD991DB81A90006D4089 /* Sources */,
				9B4EBD9A1DB81A90006D4089 /* Frameworks */,
				9B4EBD9B1DB81A90006D4089 /* Resources */,
				2FDB659ECA6690B1E6C29957 /* [CP] Embed Pods Frameworks */,
				A110835D0B87EE628FEBD9E9 /* [CP] Copy Pods Resources */,
			);
			buildRules = (
			);
			dependencies = (
			);
			name = AudioTest4;
			productName = AudioTest4;
			productReference = 9B4EBD9D1DB81A90006D4089 /* AudioTest4.app */;
			productType = "com.apple.product-type.application";
		};
		9B4EBDB01DB81A90006D4089 /* AudioTest4Tests */ = {
			isa = PBXNativeTarget;
			buildConfigurationList = 9B4EBDBD1DB81A90006D4089 /* Build configuration list for PBXNativeTarget "AudioTest4Tests" */;
			buildPhases = (
				BB4DEF11657C65A080F45F29 /* [CP] Check Pods Manifest.lock */,
				9B4EBDAD1DB81A90006D4089 /* Sources */,
				9B4EBDAE1DB81A90006D4089 /* Frameworks */,
				9B4EBDAF1DB81A90006D4089 /* Resources */,
				36308F82DF4509333CE21266 /* [CP] Embed Pods Frameworks */,
				83A3A935F3FC4D04D5D43E61 /* [CP] Copy Pods Resources */,
			);
			buildRules = (
			);
			dependencies = (
				9B4EBDB31DB81A90006D4089 /* PBXTargetDependency */,
			);
			name = AudioTest4Tests;
			productName = AudioTest4Tests;
			productReference = 9B4EBDB11DB81A90006D4089 /* AudioTest4Tests.xctest */;
			productType = "com.apple.product-type.bundle.unit-test";
		};
/* End PBXNativeTarget section */

/* Begin PBXProject section */
		9B4EBD951DB81A90006D4089 /* Project object */ = {
			isa = PBXProject;
			attributes = {
				LastSwiftUpdateCheck = 0800;
				LastUpgradeCheck = 0820;
				ORGANIZATIONNAME = "Scott Fraser";
				TargetAttributes = {
					9B4EBD9C1DB81A90006D4089 = {
						CreatedOnToolsVersion = 8.0;
						DevelopmentTeam = C456HZB8BY;
						ProvisioningStyle = Automatic;
					};
					9B4EBDB01DB81A90006D4089 = {
						CreatedOnToolsVersion = 8.0;
						ProvisioningStyle = Automatic;
						TestTargetID = 9B4EBD9C1DB81A90006D4089;
					};
				};
			};
			buildConfigurationList = 9B4EBD981DB81A90006D4089 /* Build configuration list for PBXProject "AudioTest4" */;
			compatibilityVersion = "Xcode 3.2";
			developmentRegion = English;
			hasScannedForEncodings = 0;
			knownRegions = (
				en,
				Base,
			);
			mainGroup = 9B4EBD941DB81A90006D4089;
			productRefGroup = 9B4EBD9E1DB81A90006D4089 /* Products */;
			projectDirPath = "";
			projectRoot = "";
			targets = (
				9B4EBD9C1DB81A90006D4089 /* AudioTest4 */,
				9B4EBDB01DB81A90006D4089 /* AudioTest4Tests */,
			);
		};
/* End PBXProject section */

/* Begin PBXResourcesBuildPhase section */
		9B4EBD9B1DB81A90006D4089 /* Resources */ = {
			isa = PBXResourcesBuildPhase;
			buildActionMask = 2147483647;
			files = (
				9B4EBDAB1DB81A90006D4089 /* LaunchScreen.storyboard in Resources */,
				9B4EBDA81DB81A90006D4089 /* Assets.xcassets in Resources */,
				9B4EBDA61DB81A90006D4089 /* Main.storyboard in Resources */,
			);
			runOnlyForDeploymentPostprocessing = 0;
		};
		9B4EBDAF1DB81A90006D4089 /* Resources */ = {
			isa = PBXResourcesBuildPhase;
			buildActionMask = 2147483647;
			files = (
			);
			runOnlyForDeploymentPostprocessing = 0;
		};
/* End PBXResourcesBuildPhase section */

/* Begin PBXShellScriptBuildPhase section */
		2FDB659ECA6690B1E6C29957 /* [CP] Embed Pods Frameworks */ = {
			isa = PBXShellScriptBuildPhase;
			buildActionMask = 2147483647;
			files = (
			);
			inputPaths = (
			);
			name = "[CP] Embed Pods Frameworks";
			outputPaths = (
			);
			runOnlyForDeploymentPostprocessing = 0;
			shellPath = /bin/sh;
			shellScript = "\"${SRCROOT}/Pods/Target Support Files/Pods-AudioTest4/Pods-AudioTest4-frameworks.sh\"\n";
			showEnvVarsInLog = 0;
		};
		36308F82DF4509333CE21266 /* [CP] Embed Pods Frameworks */ = {
			isa = PBXShellScriptBuildPhase;
			buildActionMask = 2147483647;
			files = (
			);
			inputPaths = (
			);
			name = "[CP] Embed Pods Frameworks";
			outputPaths = (
			);
			runOnlyForDeploymentPostprocessing = 0;
			shellPath = /bin/sh;
			shellScript = "\"${SRCROOT}/Pods/Target Support Files/Pods-AudioTest4Tests/Pods-AudioTest4Tests-frameworks.sh\"\n";
			showEnvVarsInLog = 0;
		};
		3C63E1CF2F7A91F797701DC8 /* [CP] Check Pods Manifest.lock */ = {
			isa = PBXShellScriptBuildPhase;
			buildActionMask = 2147483647;
			files = (
			);
			inputPaths = (
			);
			name = "[CP] Check Pods Manifest.lock";
			outputPaths = (
			);
			runOnlyForDeploymentPostprocessing = 0;
			shellPath = /bin/sh;
			shellScript = "diff \"${PODS_ROOT}/../Podfile.lock\" \"${PODS_ROOT}/Manifest.lock\" > /dev/null\nif [ $? != 0 ] ; then\n    # print error to STDERR\n    echo \"error: The sandbox is not in sync with the Podfile.lock. Run 'pod install' or update your CocoaPods installation.\" >&2\n    exit 1\nfi\n";
			showEnvVarsInLog = 0;
		};
		83A3A935F3FC4D04D5D43E61 /* [CP] Copy Pods Resources */ = {
			isa = PBXShellScriptBuildPhase;
			buildActionMask = 2147483647;
			files = (
			);
			inputPaths = (
			);
			name = "[CP] Copy Pods Resources";
			outputPaths = (
			);
			runOnlyForDeploymentPostprocessing = 0;
			shellPath = /bin/sh;
			shellScript = "\"${SRCROOT}/Pods/Target Support Files/Pods-AudioTest4Tests/Pods-AudioTest4Tests-resources.sh\"\n";
			showEnvVarsInLog = 0;
		};
		A110835D0B87EE628FEBD9E9 /* [CP] Copy Pods Resources */ = {
			isa = PBXShellScriptBuildPhase;
			buildActionMask = 2147483647;
			files = (
			);
			inputPaths = (
			);
			name = "[CP] Copy Pods Resources";
			outputPaths = (
			);
			runOnlyForDeploymentPostprocessing = 0;
			shellPath = /bin/sh;
			shellScript = "\"${SRCROOT}/Pods/Target Support Files/Pods-AudioTest4/Pods-AudioTest4-resources.sh\"\n";
			showEnvVarsInLog = 0;
		};
		BB4DEF11657C65A080F45F29 /* [CP] Check Pods Manifest.lock */ = {
			isa = PBXShellScriptBuildPhase;
			buildActionMask = 2147483647;
			files = (
			);
			inputPaths = (
			);
			name = "[CP] Check Pods Manifest.lock";
			outputPaths = (
			);
			runOnlyForDeploymentPostprocessing = 0;
			shellPath = /bin/sh;
			shellScript = "diff \"${PODS_ROOT}/../Podfile.lock\" \"${PODS_ROOT}/Manifest.lock\" > /dev/null\nif [ $? != 0 ] ; then\n    # print error to STDERR\n    echo \"error: The sandbox is not in sync with the Podfile.lock. Run 'pod install' or update your CocoaPods installation.\" >&2\n    exit 1\nfi\n";
			showEnvVarsInLog = 0;
		};
/* End PBXShellScriptBuildPhase section */

/* Begin PBXSourcesBuildPhase section */
		9B4EBD991DB81A90006D4089 /* Sources */ = {
			isa = PBXSourcesBuildPhase;
			buildActionMask = 2147483647;
			files = (
				C219AC5D1E242EB100A24E42 /* AlamofireViewController.swift in Sources */,
				9B4EBDC11DB845CA006D4089 /* StreamPlayer.swift in Sources */,
				C2EE8EA21E24538500D86D0D /* SimpleBLEController.swift in Sources */,
				D2E6484C1E2478F20004E17B /* ViewController.swift in Sources */,
				9B4EBDA11DB81A90006D4089 /* AppDelegate.swift in Sources */,
				D229B4711E08CDF0000CBA99 /* BeaconInfo.swift in Sources */,
			);
			runOnlyForDeploymentPostprocessing = 0;
		};
		9B4EBDAD1DB81A90006D4089 /* Sources */ = {
			isa = PBXSourcesBuildPhase;
			buildActionMask = 2147483647;
			files = (
				9B4EBDB61DB81A90006D4089 /* AudioTest4Tests.swift in Sources */,
			);
			runOnlyForDeploymentPostprocessing = 0;
		};
/* End PBXSourcesBuildPhase section */

/* Begin PBXTargetDependency section */
		9B4EBDB31DB81A90006D4089 /* PBXTargetDependency */ = {
			isa = PBXTargetDependency;
			target = 9B4EBD9C1DB81A90006D4089 /* AudioTest4 */;
			targetProxy = 9B4EBDB21DB81A90006D4089 /* PBXContainerItemProxy */;
		};
/* End PBXTargetDependency section */

/* Begin PBXVariantGroup section */
		9B4EBDA41DB81A90006D4089 /* Main.storyboard */ = {
			isa = PBXVariantGroup;
			children = (
				9B4EBDA51DB81A90006D4089 /* Base */,
			);
			name = Main.storyboard;
			sourceTree = "<group>";
		};
		9B4EBDA91DB81A90006D4089 /* LaunchScreen.storyboard */ = {
			isa = PBXVariantGroup;
			children = (
				9B4EBDAA1DB81A90006D4089 /* Base */,
			);
			name = LaunchScreen.storyboard;
			sourceTree = "<group>";
		};
/* End PBXVariantGroup section */

/* Begin XCBuildConfiguration section */
		9B4EBDB81DB81A90006D4089 /* Debug */ = {
			isa = XCBuildConfiguration;
			buildSettings = {
				ALWAYS_SEARCH_USER_PATHS = NO;
				CLANG_ANALYZER_NONNULL = YES;
				CLANG_CXX_LANGUAGE_STANDARD = "gnu++0x";
				CLANG_CXX_LIBRARY = "libc++";
				CLANG_ENABLE_MODULES = YES;
				CLANG_ENABLE_OBJC_ARC = YES;
				CLANG_WARN_BOOL_CONVERSION = YES;
				CLANG_WARN_CONSTANT_CONVERSION = YES;
				CLANG_WARN_DIRECT_OBJC_ISA_USAGE = YES_ERROR;
				CLANG_WARN_DOCUMENTATION_COMMENTS = YES;
				CLANG_WARN_EMPTY_BODY = YES;
				CLANG_WARN_ENUM_CONVERSION = YES;
				CLANG_WARN_INFINITE_RECURSION = YES;
				CLANG_WARN_INT_CONVERSION = YES;
				CLANG_WARN_OBJC_ROOT_CLASS = YES_ERROR;
				CLANG_WARN_SUSPICIOUS_MOVE = YES;
				CLANG_WARN_UNREACHABLE_CODE = YES;
				CLANG_WARN__DUPLICATE_METHOD_MATCH = YES;
				"CODE_SIGN_IDENTITY[sdk=iphoneos*]" = "iPhone Developer";
				COPY_PHASE_STRIP = NO;
				DEBUG_INFORMATION_FORMAT = dwarf;
				ENABLE_STRICT_OBJC_MSGSEND = YES;
				ENABLE_TESTABILITY = YES;
				GCC_C_LANGUAGE_STANDARD = gnu99;
				GCC_DYNAMIC_NO_PIC = NO;
				GCC_NO_COMMON_BLOCKS = YES;
				GCC_OPTIMIZATION_LEVEL = 0;
				GCC_PREPROCESSOR_DEFINITIONS = (
					"DEBUG=1",
					"$(inherited)",
				);
				GCC_WARN_64_TO_32_BIT_CONVERSION = YES;
				GCC_WARN_ABOUT_RETURN_TYPE = YES_ERROR;
				GCC_WARN_UNDECLARED_SELECTOR = YES;
				GCC_WARN_UNINITIALIZED_AUTOS = YES_AGGRESSIVE;
				GCC_WARN_UNUSED_FUNCTION = YES;
				GCC_WARN_UNUSED_VARIABLE = YES;
				IPHONEOS_DEPLOYMENT_TARGET = 10.0;
				MTL_ENABLE_DEBUG_INFO = YES;
				ONLY_ACTIVE_ARCH = YES;
				SDKROOT = iphoneos;
				SWIFT_ACTIVE_COMPILATION_CONDITIONS = DEBUG;
				SWIFT_OPTIMIZATION_LEVEL = "-Onone";
				TARGETED_DEVICE_FAMILY = "1,2";
			};
			name = Debug;
		};
		9B4EBDB91DB81A90006D4089 /* Release */ = {
			isa = XCBuildConfiguration;
			buildSettings = {
				ALWAYS_SEARCH_USER_PATHS = NO;
				CLANG_ANALYZER_NONNULL = YES;
				CLANG_CXX_LANGUAGE_STANDARD = "gnu++0x";
				CLANG_CXX_LIBRARY = "libc++";
				CLANG_ENABLE_MODULES = YES;
				CLANG_ENABLE_OBJC_ARC = YES;
				CLANG_WARN_BOOL_CONVERSION = YES;
				CLANG_WARN_CONSTANT_CONVERSION = YES;
				CLANG_WARN_DIRECT_OBJC_ISA_USAGE = YES_ERROR;
				CLANG_WARN_DOCUMENTATION_COMMENTS = YES;
				CLANG_WARN_EMPTY_BODY = YES;
				CLANG_WARN_ENUM_CONVERSION = YES;
				CLANG_WARN_INFINITE_RECURSION = YES;
				CLANG_WARN_INT_CONVERSION = YES;
				CLANG_WARN_OBJC_ROOT_CLASS = YES_ERROR;
				CLANG_WARN_SUSPICIOUS_MOVE = YES;
				CLANG_WARN_UNREACHABLE_CODE = YES;
				CLANG_WARN__DUPLICATE_METHOD_MATCH = YES;
				"CODE_SIGN_IDENTITY[sdk=iphoneos*]" = "iPhone Developer";
				COPY_PHASE_STRIP = NO;
				DEBUG_INFORMATION_FORMAT = "dwarf-with-dsym";
				ENABLE_NS_ASSERTIONS = NO;
				ENABLE_STRICT_OBJC_MSGSEND = YES;
				GCC_C_LANGUAGE_STANDARD = gnu99;
				GCC_NO_COMMON_BLOCKS = YES;
				GCC_WARN_64_TO_32_BIT_CONVERSION = YES;
				GCC_WARN_ABOUT_RETURN_TYPE = YES_ERROR;
				GCC_WARN_UNDECLARED_SELECTOR = YES;
				GCC_WARN_UNINITIALIZED_AUTOS = YES_AGGRESSIVE;
				GCC_WARN_UNUSED_FUNCTION = YES;
				GCC_WARN_UNUSED_VARIABLE = YES;
				IPHONEOS_DEPLOYMENT_TARGET = 10.0;
				MTL_ENABLE_DEBUG_INFO = NO;
				SDKROOT = iphoneos;
				SWIFT_OPTIMIZATION_LEVEL = "-Owholemodule";
				TARGETED_DEVICE_FAMILY = "1,2";
				VALIDATE_PRODUCT = YES;
			};
			name = Release;
		};
		9B4EBDBB1DB81A90006D4089 /* Debug */ = {
			isa = XCBuildConfiguration;
			baseConfigurationReference = 14E4AD6CE966C848D07427F8 /* Pods-AudioTest4.debug.xcconfig */;
			buildSettings = {
				ALWAYS_EMBED_SWIFT_STANDARD_LIBRARIES = YES;
				ASSETCATALOG_COMPILER_APPICON_NAME = AppIcon;
				"CODE_SIGN_IDENTITY[sdk=iphoneos*]" = "iPhone Developer";
				DEVELOPMENT_TEAM = C456HZB8BY;
				INFOPLIST_FILE = AudioTest4/Info.plist;
				LD_RUNPATH_SEARCH_PATHS = "$(inherited) @executable_path/Frameworks";
				PRODUCT_BUNDLE_IDENTIFIER = org.frasers.AudioTest4;
				PRODUCT_NAME = "$(TARGET_NAME)";
				SWIFT_VERSION = 3.0;
			};
			name = Debug;
		};
		9B4EBDBC1DB81A90006D4089 /* Release */ = {
			isa = XCBuildConfiguration;
			baseConfigurationReference = 5EDB40CF5A0DBC760ADEA4FF /* Pods-AudioTest4.release.xcconfig */;
			buildSettings = {
				ALWAYS_EMBED_SWIFT_STANDARD_LIBRARIES = YES;
				ASSETCATALOG_COMPILER_APPICON_NAME = AppIcon;
				"CODE_SIGN_IDENTITY[sdk=iphoneos*]" = "iPhone Developer";
				DEVELOPMENT_TEAM = C456HZB8BY;
				INFOPLIST_FILE = AudioTest4/Info.plist;
				LD_RUNPATH_SEARCH_PATHS = "$(inherited) @executable_path/Frameworks";
				PRODUCT_BUNDLE_IDENTIFIER = org.frasers.AudioTest4;
				PRODUCT_NAME = "$(TARGET_NAME)";
				SWIFT_VERSION = 3.0;
			};
			name = Release;
		};
		9B4EBDBE1DB81A90006D4089 /* Debug */ = {
			isa = XCBuildConfiguration;
			baseConfigurationReference = E4EE2AA42EDBF56E0CFFE422 /* Pods-AudioTest4Tests.debug.xcconfig */;
			buildSettings = {
				BUNDLE_LOADER = "$(TEST_HOST)";
				INFOPLIST_FILE = AudioTest4Tests/Info.plist;
				LD_RUNPATH_SEARCH_PATHS = "$(inherited) @executable_path/Frameworks @loader_path/Frameworks";
				PRODUCT_BUNDLE_IDENTIFIER = org.frasers.AudioTest4Tests;
				PRODUCT_NAME = "$(TARGET_NAME)";
				SWIFT_VERSION = 3.0;
				TEST_HOST = "$(BUILT_PRODUCTS_DIR)/AudioTest4.app/AudioTest4";
			};
			name = Debug;
		};
		9B4EBDBF1DB81A90006D4089 /* Release */ = {
			isa = XCBuildConfiguration;
			baseConfigurationReference = 234F945557E957B0555C8178 /* Pods-AudioTest4Tests.release.xcconfig */;
			buildSettings = {
				BUNDLE_LOADER = "$(TEST_HOST)";
				INFOPLIST_FILE = AudioTest4Tests/Info.plist;
				LD_RUNPATH_SEARCH_PATHS = "$(inherited) @executable_path/Frameworks @loader_path/Frameworks";
				PRODUCT_BUNDLE_IDENTIFIER = org.frasers.AudioTest4Tests;
				PRODUCT_NAME = "$(TARGET_NAME)";
				SWIFT_VERSION = 3.0;
				TEST_HOST = "$(BUILT_PRODUCTS_DIR)/AudioTest4.app/AudioTest4";
			};
			name = Release;
		};
/* End XCBuildConfiguration section */

/* Begin XCConfigurationList section */
		9B4EBD981DB81A90006D4089 /* Build configuration list for PBXProject "AudioTest4" */ = {
			isa = XCConfigurationList;
			buildConfigurations = (
				9B4EBDB81DB81A90006D4089 /* Debug */,
				9B4EBDB91DB81A90006D4089 /* Release */,
			);
			defaultConfigurationIsVisible = 0;
			defaultConfigurationName = Release;
		};
		9B4EBDBA1DB81A90006D4089 /* Build configuration list for PBXNativeTarget "AudioTest4" */ = {
			isa = XCConfigurationList;
			buildConfigurations = (
				9B4EBDBB1DB81A90006D4089 /* Debug */,
				9B4EBDBC1DB81A90006D4089 /* Release */,
			);
			defaultConfigurationIsVisible = 0;
			defaultConfigurationName = Release;
		};
		9B4EBDBD1DB81A90006D4089 /* Build configuration list for PBXNativeTarget "AudioTest4Tests" */ = {
			isa = XCConfigurationList;
			buildConfigurations = (
				9B4EBDBE1DB81A90006D4089 /* Debug */,
				9B4EBDBF1DB81A90006D4089 /* Release */,
			);
			defaultConfigurationIsVisible = 0;
			defaultConfigurationName = Release;
		};
/* End XCConfigurationList section */
	};
	rootObject = 9B4EBD951DB81A90006D4089 /* Project object */;
}
